schema: '2.0'
stages:
  preprocess:
    cmd: python src/preprocess_data.py
    deps:
    - path: data/bronze/downloads
      hash: md5
      md5: 1454b6162c5ef2c24c037ba883797c3b.dir
      size: 34497027
      nfiles: 4
    - path: src/preprocess_data.py
      hash: md5
      md5: b1141ff5738a52bee364a048006112a2
      size: 2333
    outs:
    - path: data/silver
      hash: md5
      md5: 1b44b8c6bbc048557b5285a27b9cc1f5.dir
      size: 941687
      nfiles: 2
