schema: '2.0'
stages:
  preprocess:
    cmd: python src/preprocess_data.py
    deps:
    - path: data/bronze
      hash: md5
      md5: 44a2a26c7a5ccc1bd695123e0eefbb27.dir
      size: 119084280
      nfiles: 7
    - path: src/preprocess_data.py
      hash: md5
      md5: e0f336cb3667d4bfa483d21732c6e428
      size: 2555
    outs:
    - path: data/silver
      hash: md5
      md5: 0e6df84ffd9e467bc6a2666d54b348d2.dir
      size: 1710728
      nfiles: 2
